
Microsoft Visual Studio Solution File, Format Version 11.00
# Visual Studio 2010
Project("{FAE04EC0-301F-11D3-BF4B-00C04F79EFBC}") = "SimpleCloo", "SimpleCloo\SimpleCloo.csproj", "{061B8405-F948-437E-B0EF-9B11A69D28FC}"
EndProject
Project("{FAE04EC0-301F-11D3-BF4B-00C04F79EFBC}") = "ObjectiveTK", "ObjectiveTK\ObjectiveTK.csproj", "{463D4C02-40FB-4CF9-8914-2DD03D7332E7}"
EndProject
Project("{FAE04EC0-301F-11D3-BF4B-00C04F79EFBC}") = "Math", "Math\Math.csproj", "{2F505197-41B2-4265-8165-2273A0F3F2E1}"
EndProject
Project("{FAE04EC0-301F-11D3-BF4B-00C04F79EFBC}") = "Cloo", "Cloo\Cloo.csproj", "{656E96CE-2587-4CCC-A4DB-06D36267133A}"
EndProject
Global
	GlobalSection(SolutionConfigurationPlatforms) = preSolution
		Debug|Any CPU = Debug|Any CPU
		Debug|Mixed Platforms = Debug|Mixed Platforms
		Debug|x86 = Debug|x86
		Release|Any CPU = Release|Any CPU
		Release|Mixed Platforms = Release|Mixed Platforms
		Release|x86 = Release|x86
	EndGlobalSection
	GlobalSection(ProjectConfigurationPlatforms) = postSolution
		{061B8405-F948-437E-B0EF-9B11A69D28FC}.Debug|Any CPU.ActiveCfg = Debug|x86
		{061B8405-F948-437E-B0EF-9B11A69D28FC}.Debug|Mixed Platforms.ActiveCfg = Debug|x86
		{061B8405-F948-437E-B0EF-9B11A69D28FC}.Debug|Mixed Platforms.Build.0 = Debug|x86
		{061B8405-F948-437E-B0EF-9B11A69D28FC}.Debug|x86.ActiveCfg = Debug|x86
		{061B8405-F948-437E-B0EF-9B11A69D28FC}.Debug|x86.Build.0 = Debug|x86
		{061B8405-F948-437E-B0EF-9B11A69D28FC}.Release|Any CPU.ActiveCfg = Release|x86
		{061B8405-F948-437E-B0EF-9B11A69D28FC}.Release|Mixed Platforms.ActiveCfg = Release|x86
		{061B8405-F948-437E-B0EF-9B11A69D28FC}.Release|Mixed Platforms.Build.0 = Release|x86
		{061B8405-F948-437E-B0EF-9B11A69D28FC}.Release|x86.ActiveCfg = Release|x86
		{061B8405-F948-437E-B0EF-9B11A69D28FC}.Release|x86.Build.0 = Release|x86
		{463D4C02-40FB-4CF9-8914-2DD03D7332E7}.Debug|Any CPU.ActiveCfg = Debug|x86
		{463D4C02-40FB-4CF9-8914-2DD03D7332E7}.Debug|Mixed Platforms.ActiveCfg = Debug|x86
		{463D4C02-40FB-4CF9-8914-2DD03D7332E7}.Debug|Mixed Platforms.Build.0 = Debug|x86
		{463D4C02-40FB-4CF9-8914-2DD03D7332E7}.Debug|x86.ActiveCfg = Debug|x86
		{463D4C02-40FB-4CF9-8914-2DD03D7332E7}.Debug|x86.Build.0 = Debug|x86
		{463D4C02-40FB-4CF9-8914-2DD03D7332E7}.Release|Any CPU.ActiveCfg = Release|x86
		{463D4C02-40FB-4CF9-8914-2DD03D7332E7}.Release|Mixed Platforms.ActiveCfg = Release|x86
		{463D4C02-40FB-4CF9-8914-2DD03D7332E7}.Release|Mixed Platforms.Build.0 = Release|x86
		{463D4C02-40FB-4CF9-8914-2DD03D7332E7}.Release|x86.ActiveCfg = Release|x86
		{463D4C02-40FB-4CF9-8914-2DD03D7332E7}.Release|x86.Build.0 = Release|x86
		{2F505197-41B2-4265-8165-2273A0F3F2E1}.Debug|Any CPU.ActiveCfg = Debug|x86
		{2F505197-41B2-4265-8165-2273A0F3F2E1}.Debug|Mixed Platforms.ActiveCfg = Debug|x86
		{2F505197-41B2-4265-8165-2273A0F3F2E1}.Debug|Mixed Platforms.Build.0 = Debug|x86
		{2F505197-41B2-4265-8165-2273A0F3F2E1}.Debug|x86.ActiveCfg = Debug|x86
		{2F505197-41B2-4265-8165-2273A0F3F2E1}.Debug|x86.Build.0 = Debug|x86
		{2F505197-41B2-4265-8165-2273A0F3F2E1}.Release|Any CPU.ActiveCfg = Release|x86
		{2F505197-41B2-4265-8165-2273A0F3F2E1}.Release|Mixed Platforms.ActiveCfg = Release|x86
		{2F505197-41B2-4265-8165-2273A0F3F2E1}.Release|Mixed Platforms.Build.0 = Release|x86
		{2F505197-41B2-4265-8165-2273A0F3F2E1}.Release|x86.ActiveCfg = Release|x86
		{2F505197-41B2-4265-8165-2273A0F3F2E1}.Release|x86.Build.0 = Release|x86
		{656E96CE-2587-4CCC-A4DB-06D36267133A}.Debug|Any CPU.ActiveCfg = Debug|Any CPU
		{656E96CE-2587-4CCC-A4DB-06D36267133A}.Debug|Any CPU.Build.0 = Debug|Any CPU
		{656E96CE-2587-4CCC-A4DB-06D36267133A}.Debug|Mixed Platforms.ActiveCfg = Debug|Any CPU
		{656E96CE-2587-4CCC-A4DB-06D36267133A}.Debug|Mixed Platforms.Build.0 = Debug|Any CPU
		{656E96CE-2587-4CCC-A4DB-06D36267133A}.Debug|x86.ActiveCfg = Debug|Any CPU
		{656E96CE-2587-4CCC-A4DB-06D36267133A}.Release|Any CPU.ActiveCfg = Release|Any CPU
		{656E96CE-2587-4CCC-A4DB-06D36267133A}.Release|Any CPU.Build.0 = Release|Any CPU
		{656E96CE-2587-4CCC-A4DB-06D36267133A}.Release|Mixed Platforms.ActiveCfg = Release|Any CPU
		{656E96CE-2587-4CCC-A4DB-06D36267133A}.Release|Mixed Platforms.Build.0 = Release|Any CPU
		{656E96CE-2587-4CCC-A4DB-06D36267133A}.Release|x86.ActiveCfg = Release|Any CPU
	EndGlobalSection
	GlobalSection(SolutionProperties) = preSolution
		HideSolutionNode = FALSE
	EndGlobalSection
EndGlobal
